Microsoft Visual Studio Solution File, Format Version 12.00
# Visual Studio Version 17
VisualStudioVersion = 17.5.2.0
MinimumVisualStudioVersion = 10.0.40219.1
Project("{FAE04EC0-301F-11D3-BF4B-00C04F79EFBC}") = "RetailEFCore", "RetailEFCore.csproj", "{459D9368-0990-8C1C-1F6E-CAED6BED9CEE}"
EndProject
Global
	GlobalSection(SolutionConfigurationPlatforms) = preSolution
		Debug|Any CPU = Debug|Any CPU
		Release|Any CPU = Release|Any CPU
	EndGlobalSection
	GlobalSection(ProjectConfigurationPlatforms) = postSolution
		{459D9368-0990-8C1C-1F6E-CAED6BED9CEE}.Debug|Any CPU.ActiveCfg = Debug|Any CPU
		{459D9368-0990-8C1C-1F6E-CAED6BED9CEE}.Debug|Any CPU.Build.0 = Debug|Any CPU
		{459D9368-0990-8C1C-1F6E-CAED6BED9CEE}.Release|Any CPU.ActiveCfg = Release|Any CPU
		{459D9368-0990-8C1C-1F6E-CAED6BED9CEE}.Release|Any CPU.Build.0 = Release|Any CPU
	EndGlobalSection
	GlobalSection(SolutionProperties) = preSolution
		HideSolutionNode = FALSE
	EndGlobalSection
	GlobalSection(ExtensibilityGlobals) = postSolution
		SolutionGuid = {34C207B5-D43F-489A-A4A5-8F6F6C5053BF}
	EndGlobalSection
EndGlobal
