Microsoft Visual Studio Solution File, Format Version 12.00
# Visual Studio Version 17
VisualStudioVersion = 17.5.2.0
MinimumVisualStudioVersion = 10.0.40219.1
Project("{FAE04EC0-301F-11D3-BF4B-00C04F79EFBC}") = "Lab5DataRetrieval", "Lab5DataRetrieval.csproj", "{B8D91601-C100-99D6-2A14-1127E02B9085}"
EndProject
Global
	GlobalSection(SolutionConfigurationPlatforms) = preSolution
		Debug|Any CPU = Debug|Any CPU
		Release|Any CPU = Release|Any CPU
	EndGlobalSection
	GlobalSection(ProjectConfigurationPlatforms) = postSolution
		{B8D91601-C100-99D6-2A14-1127E02B9085}.Debug|Any CPU.ActiveCfg = Debug|Any CPU
		{B8D91601-C100-99D6-2A14-1127E02B9085}.Debug|Any CPU.Build.0 = Debug|Any CPU
		{B8D91601-C100-99D6-2A14-1127E02B9085}.Release|Any CPU.ActiveCfg = Release|Any CPU
		{B8D91601-C100-99D6-2A14-1127E02B9085}.Release|Any CPU.Build.0 = Release|Any CPU
	EndGlobalSection
	GlobalSection(SolutionProperties) = preSolution
		HideSolutionNode = FALSE
	EndGlobalSection
	GlobalSection(ExtensibilityGlobals) = postSolution
		SolutionGuid = {03775F13-2484-4AB3-AF3B-19E5B8D4D21B}
	EndGlobalSection
EndGlobal
