Microsoft Visual Studio Solution File, Format Version 12.00
# Visual Studio Version 17
VisualStudioVersion = 17.5.2.0
MinimumVisualStudioVersion = 10.0.40219.1
Project("{FAE04EC0-301F-11D3-BF4B-00C04F79EFBC}") = "EmployeeJWTApi", "EmployeeJWTApi\EmployeeJWTApi.csproj", "{05372EC7-A700-189C-9EB1-46D5F3CE6C69}"
EndProject
Global
	GlobalSection(SolutionConfigurationPlatforms) = preSolution
		Debug|Any CPU = Debug|Any CPU
		Release|Any CPU = Release|Any CPU
	EndGlobalSection
	GlobalSection(ProjectConfigurationPlatforms) = postSolution
		{05372EC7-A700-189C-9EB1-46D5F3CE6C69}.Debug|Any CPU.ActiveCfg = Debug|Any CPU
		{05372EC7-A700-189C-9EB1-46D5F3CE6C69}.Debug|Any CPU.Build.0 = Debug|Any CPU
		{05372EC7-A700-189C-9EB1-46D5F3CE6C69}.Release|Any CPU.ActiveCfg = Release|Any CPU
		{05372EC7-A700-189C-9EB1-46D5F3CE6C69}.Release|Any CPU.Build.0 = Release|Any CPU
	EndGlobalSection
	GlobalSection(SolutionProperties) = preSolution
		HideSolutionNode = FALSE
	EndGlobalSection
	GlobalSection(ExtensibilityGlobals) = postSolution
		SolutionGuid = {96A6A189-B2D8-4F18-8F2E-EA06B7397A52}
	EndGlobalSection
EndGlobal
